// !$*UTF8*$!
{
	archiveVersion = 1;
	classes = {
	};
	objectVersion = 50;
	objects = {

/* Begin PBXBuildFile section */
		D3ADF8942158959300E750E4 /* AppDelegate.m in Sources */ = {isa = PBXBuildFile; fileRef = D3ADF8932158959300E750E4 /* AppDelegate.m */; };
		D3ADF8972158959300E750E4 /* ViewController.m in Sources */ = {isa = PBXBuildFile; fileRef = D3ADF8962158959300E750E4 /* ViewController.m */; };
		D3ADF89A2158959300E750E4 /* Main.storyboard in Resources */ = {isa = PBXBuildFile; fileRef = D3ADF8982158959300E750E4 /* Main.storyboard */; };
		D3ADF89C2158959400E750E4 /* Assets.xcassets in Resources */ = {isa = PBXBuildFile; fileRef = D3ADF89B2158959400E750E4 /* Assets.xcassets */; };
		D3ADF89F2158959400E750E4 /* LaunchScreen.storyboard in Resources */ = {isa = PBXBuildFile; fileRef = D3ADF89D2158959400E750E4 /* LaunchScreen.storyboard */; };
		D3ADF8A22158959400E750E4 /* main.m in Sources */ = {isa = PBXBuildFile; fileRef = D3ADF8A12158959400E750E4 /* main.m */; };
		D3ADF8AC2158959500E750E4 /* F4AObjectiveCTests.m in Sources */ = {isa = PBXBuildFile; fileRef = D3ADF8AB2158959500E750E4 /* F4AObjectiveCTests.m */; };
		D3ADF8B72158959500E750E4 /* F4AObjectiveCUITests.m in Sources */ = {isa = PBXBuildFile; fileRef = D3ADF8B62158959500E750E4 /* F4AObjectiveCUITests.m */; };
		D3ADF8C5215895D000E750E4 /* F4A.framework in Frameworks */ = {isa = PBXBuildFile; fileRef = D3ADF8C4215895D000E750E4 /* F4A.framework */; };
		D3ADF8C6215895D500E750E4 /* F4A.framework in Frameworks */ = {isa = PBXBuildFile; fileRef = D3ADF8C4215895D000E750E4 /* F4A.framework */; };
		D3ADF8C7215895D500E750E4 /* F4A.framework in Embed Frameworks */ = {isa = PBXBuildFile; fileRef = D3ADF8C4215895D000E750E4 /* F4A.framework */; settings = {ATTRIBUTES = (CodeSignOnCopy, RemoveHeadersOnCopy, ); }; };
/* End PBXBuildFile section */

/* Begin PBXContainerItemProxy section */
		D3ADF8A82158959500E750E4 /* PBXContainerItemProxy */ = {
			isa = PBXContainerItemProxy;
			containerPortal = D3ADF8872158959200E750E4 /* Project object */;
			proxyType = 1;
			remoteGlobalIDString = D3ADF88E2158959200E750E4;
			remoteInfo = F4AObjectiveC;
		};
		D3ADF8B32158959500E750E4 /* PBXContainerItemProxy */ = {
			isa = PBXContainerItemProxy;
			containerPortal = D3ADF8872158959200E750E4 /* Project object */;
			proxyType = 1;
			remoteGlobalIDString = D3ADF88E2158959200E750E4;
			remoteInfo = F4AObjectiveC;
		};
/* End PBXContainerItemProxy section */

/* Begin PBXCopyFilesBuildPhase section */
		D3ADF8C8215895D500E750E4 /* Embed Frameworks */ = {
			isa = PBXCopyFilesBuildPhase;
			buildActionMask = 2147483647;
			dstPath = "";
			dstSubfolderSpec = 10;
			files = (
				D3ADF8C7215895D500E750E4 /* F4A.framework in Embed Frameworks */,
			);
			name = "Embed Frameworks";
			runOnlyForDeploymentPostprocessing = 0;
		};
/* End PBXCopyFilesBuildPhase section */

/* Begin PBXFileReference section */
		D3ADF88F2158959200E750E4 /* F4AObjectiveC.app */ = {isa = PBXFileReference; explicitFileType = wrapper.application; includeInIndex = 0; path = F4AObjectiveC.app; sourceTree = BUILT_PRODUCTS_DIR; };
		D3ADF8922158959200E750E4 /* AppDelegate.h */ = {isa = PBXFileReference; lastKnownFileType = sourcecode.c.h; path = AppDelegate.h; sourceTree = "<group>"; };
		D3ADF8932158959300E750E4 /* AppDelegate.m */ = {isa = PBXFileReference; lastKnownFileType = sourcecode.c.objc; path = AppDelegate.m; sourceTree = "<group>"; };
		D3ADF8952158959300E750E4 /* ViewController.h */ = {isa = PBXFileReference; lastKnownFileType = sourcecode.c.h; path = ViewController.h; sourceTree = "<group>"; };
		D3ADF8962158959300E750E4 /* ViewController.m */ = {isa = PBXFileReference; lastKnownFileType = sourcecode.c.objc; path = ViewController.m; sourceTree = "<group>"; };
		D3ADF8992158959300E750E4 /* Base */ = {isa = PBXFileReference; lastKnownFileType = file.storyboard; name = Base; path = Base.lproj/Main.storyboard; sourceTree = "<group>"; };
		D3ADF89B2158959400E750E4 /* Assets.xcassets */ = {isa = PBXFileReference; lastKnownFileType = folder.assetcatalog; path = Assets.xcassets; sourceTree = "<group>"; };
		D3ADF89E2158959400E750E4 /* Base */ = {isa = PBXFileReference; lastKnownFileType = file.storyboard; name = Base; path = Base.lproj/LaunchScreen.storyboard; sourceTree = "<group>"; };
		D3ADF8A02158959400E750E4 /* Info.plist */ = {isa = PBXFileReference; lastKnownFileType = text.plist.xml; path = Info.plist; sourceTree = "<group>"; };
		D3ADF8A12158959400E750E4 /* main.m */ = {isa = PBXFileReference; lastKnownFileType = sourcecode.c.objc; path = main.m; sourceTree = "<group>"; };
		D3ADF8A72158959500E750E4 /* F4AObjectiveCTests.xctest */ = {isa = PBXFileReference; explicitFileType = wrapper.cfbundle; includeInIndex = 0; path = F4AObjectiveCTests.xctest; sourceTree = BUILT_PRODUCTS_DIR; };
		D3ADF8AB2158959500E750E4 /* F4AObjectiveCTests.m */ = {isa = PBXFileReference; lastKnownFileType = sourcecode.c.objc; path = F4AObjectiveCTests.m; sourceTree = "<group>"; };
		D3ADF8AD2158959500E750E4 /* Info.plist */ = {isa = PBXFileReference; lastKnownFileType = text.plist.xml; path = Info.plist; sourceTree = "<group>"; };
		D3ADF8B22158959500E750E4 /* F4AObjectiveCUITests.xctest */ = {isa = PBXFileReference; explicitFileType = wrapper.cfbundle; includeInIndex = 0; path = F4AObjectiveCUITests.xctest; sourceTree = BUILT_PRODUCTS_DIR; };
		D3ADF8B62158959500E750E4 /* F4AObjectiveCUITests.m */ = {isa = PBXFileReference; lastKnownFileType = sourcecode.c.objc; path = F4AObjectiveCUITests.m; sourceTree = "<group>"; };
		D3ADF8B82158959500E750E4 /* Info.plist */ = {isa = PBXFileReference; lastKnownFileType = text.plist.xml; path = Info.plist; sourceTree = "<group>"; };
		D3ADF8C4215895D000E750E4 /* F4A.framework */ = {isa = PBXFileReference; lastKnownFileType = wrapper.framework; path = F4A.framework; sourceTree = "<group>"; };
/* End PBXFileReference section */

/* Begin PBXFrameworksBuildPhase section */
		D3ADF88C2158959200E750E4 /* Frameworks */ = {
			isa = PBXFrameworksBuildPhase;
			buildActionMask = 2147483647;
			files = (
				D3ADF8C6215895D500E750E4 /* F4A.framework in Frameworks */,
				D3ADF8C5215895D000E750E4 /* F4A.framework in Frameworks */,
			);
			runOnlyForDeploymentPostprocessing = 0;
		};
		D3ADF8A42158959500E750E4 /* Frameworks */ = {
			isa = PBXFrameworksBuildPhase;
			buildActionMask = 2147483647;
			files = (
			);
			runOnlyForDeploymentPostprocessing = 0;
		};
		D3ADF8AF2158959500E750E4 /* Frameworks */ = {
			isa = PBXFrameworksBuildPhase;
			buildActionMask = 2147483647;
			files = (
			);
			runOnlyForDeploymentPostprocessing = 0;
		};
/* End PBXFrameworksBuildPhase section */

/* Begin PBXGroup section */
		D3ADF8862158959200E750E4 = {
			isa = PBXGroup;
			children = (
				D3ADF8C4215895D000E750E4 /* F4A.framework */,
				D3ADF8912158959200E750E4 /* F4AObjectiveC */,
				D3ADF8AA2158959500E750E4 /* F4AObjectiveCTests */,
				D3ADF8B52158959500E750E4 /* F4AObjectiveCUITests */,
				D3ADF8902158959200E750E4 /* Products */,
			);
			sourceTree = "<group>";
		};
		D3ADF8902158959200E750E4 /* Products */ = {
			isa = PBXGroup;
			children = (
				D3ADF88F2158959200E750E4 /* F4AObjectiveC.app */,
				D3ADF8A72158959500E750E4 /* F4AObjectiveCTests.xctest */,
				D3ADF8B22158959500E750E4 /* F4AObjectiveCUITests.xctest */,
			);
			name = Products;
			sourceTree = "<group>";
		};
		D3ADF8912158959200E750E4 /* F4AObjectiveC */ = {
			isa = PBXGroup;
			children = (
				D3ADF8922158959200E750E4 /* AppDelegate.h */,
				D3ADF8932158959300E750E4 /* AppDelegate.m */,
				D3ADF8952158959300E750E4 /* ViewController.h */,
				D3ADF8962158959300E750E4 /* ViewController.m */,
				D3ADF8982158959300E750E4 /* Main.storyboard */,
				D3ADF89B2158959400E750E4 /* Assets.xcassets */,
				D3ADF89D2158959400E750E4 /* LaunchScreen.storyboard */,
				D3ADF8A02158959400E750E4 /* Info.plist */,
				D3ADF8A12158959400E750E4 /* main.m */,
			);
			path = F4AObjectiveC;
			sourceTree = "<group>";
		};
		D3ADF8AA2158959500E750E4 /* F4AObjectiveCTests */ = {
			isa = PBXGroup;
			children = (
				D3ADF8AB2158959500E750E4 /* F4AObjectiveCTests.m */,
				D3ADF8AD2158959500E750E4 /* Info.plist */,
			);
			path = F4AObjectiveCTests;
			sourceTree = "<group>";
		};
		D3ADF8B52158959500E750E4 /* F4AObjectiveCUITests */ = {
			isa = PBXGroup;
			children = (
				D3ADF8B62158959500E750E4 /* F4AObjectiveCUITests.m */,
				D3ADF8B82158959500E750E4 /* Info.plist */,
			);
			path = F4AObjectiveCUITests;
			sourceTree = "<group>";
		};
/* End PBXGroup section */

/* Begin PBXNativeTarget section */
		D3ADF88E2158959200E750E4 /* F4AObjectiveC */ = {
			isa = PBXNativeTarget;
			buildConfigurationList = D3ADF8BB2158959500E750E4 /* Build configuration list for PBXNativeTarget "F4AObjectiveC" */;
			buildPhases = (
				D3ADF88B2158959200E750E4 /* Sources */,
				D3ADF88C2158959200E750E4 /* Frameworks */,
				D3ADF88D2158959200E750E4 /* Resources */,
				D3ADF8C8215895D500E750E4 /* Embed Frameworks */,
			);
			buildRules = (
			);
			dependencies = (
			);
			name = F4AObjectiveC;
			productName = F4AObjectiveC;
			productReference = D3ADF88F2158959200E750E4 /* F4AObjectiveC.app */;
			productType = "com.apple.product-type.application";
		};
		D3ADF8A62158959500E750E4 /* F4AObjectiveCTests */ = {
			isa = PBXNativeTarget;
			buildConfigurationList = D3ADF8BE2158959500E750E4 /* Build configuration list for PBXNativeTarget "F4AObjectiveCTests" */;
			buildPhases = (
				D3ADF8A32158959500E750E4 /* Sources */,
				D3ADF8A42158959500E750E4 /* Frameworks */,
				D3ADF8A52158959500E750E4 /* Resources */,
			);
			buildRules = (
			);
			dependencies = (
				D3ADF8A92158959500E750E4 /* PBXTargetDependency */,
			);
			name = F4AObjectiveCTests;
			productName = F4AObjectiveCTests;
			productReference = D3ADF8A72158959500E750E4 /* F4AObjectiveCTests.xctest */;
			productType = "com.apple.product-type.bundle.unit-test";
		};
		D3ADF8B12158959500E750E4 /* F4AObjectiveCUITests */ = {
			isa = PBXNativeTarget;
			buildConfigurationList = D3ADF8C12158959500E750E4 /* Build configuration list for PBXNativeTarget "F4AObjectiveCUITests" */;
			buildPhases = (
				D3ADF8AE2158959500E750E4 /* Sources */,
				D3ADF8AF2158959500E750E4 /* Frameworks */,
				D3ADF8B02158959500E750E4 /* Resources */,
			);
			buildRules = (
			);
			dependencies = (
				D3ADF8B42158959500E750E4 /* PBXTargetDependency */,
			);
			name = F4AObjectiveCUITests;
			productName = F4AObjectiveCUITests;
			productReference = D3ADF8B22158959500E750E4 /* F4AObjectiveCUITests.xctest */;
			productType = "com.apple.product-type.bundle.ui-testing";
		};
/* End PBXNativeTarget section */

/* Begin PBXProject section */
		D3ADF8872158959200E750E4 /* Project object */ = {
			isa = PBXProject;
			attributes = {
				LastUpgradeCheck = 0940;
				ORGANIZATIONNAME = Raja;
				TargetAttributes = {
					D3ADF88E2158959200E750E4 = {
						CreatedOnToolsVersion = 9.4.1;
					};
					D3ADF8A62158959500E750E4 = {
						CreatedOnToolsVersion = 9.4.1;
						TestTargetID = D3ADF88E2158959200E750E4;
					};
					D3ADF8B12158959500E750E4 = {
						CreatedOnToolsVersion = 9.4.1;
						TestTargetID = D3ADF88E2158959200E750E4;
					};
				};
			};
			buildConfigurationList = D3ADF88A2158959200E750E4 /* Build configuration list for PBXProject "F4AObjectiveC" */;
			compatibilityVersion = "Xcode 9.3";
			developmentRegion = en;
			hasScannedForEncodings = 0;
			knownRegions = (
				en,
				Base,
			);
			mainGroup = D3ADF8862158959200E750E4;
			productRefGroup = D3ADF8902158959200E750E4 /* Products */;
			projectDirPath = "";
			projectRoot = "";
			targets = (
				D3ADF88E2158959200E750E4 /* F4AObjectiveC */,
				D3ADF8A62158959500E750E4 /* F4AObjectiveCTests */,
				D3ADF8B12158959500E750E4 /* F4AObjectiveCUITests */,
			);
		};
/* End PBXProject section */

/* Begin PBXResourcesBuildPhase section */
		D3ADF88D2158959200E750E4 /* Resources */ = {
			isa = PBXResourcesBuildPhase;
			buildActionMask = 2147483647;
			files = (
				D3ADF89F2158959400E750E4 /* LaunchScreen.storyboard in Resources */,
				D3ADF89C2158959400E750E4 /* Assets.xcassets in Resources */,
				D3ADF89A2158959300E750E4 /* Main.storyboard in Resources */,
			);
			runOnlyForDeploymentPostprocessing = 0;
		};
		D3ADF8A52158959500E750E4 /* Resources */ = {
			isa = PBXResourcesBuildPhase;
			buildActionMask = 2147483647;
			files = (
			);
			runOnlyForDeploymentPostprocessing = 0;
		};
		D3ADF8B02158959500E750E4 /* Resources */ = {
			isa = PBXResourcesBuildPhase;
			buildActionMask = 2147483647;
			files = (
			);
			runOnlyForDeploymentPostprocessing = 0;
		};
/* End PBXResourcesBuildPhase section */

/* Begin PBXSourcesBuildPhase section */
		D3ADF88B2158959200E750E4 /* Sources */ = {
			isa = PBXSourcesBuildPhase;
			buildActionMask = 2147483647;
			files = (
				D3ADF8972158959300E750E4 /* ViewController.m in Sources */,
				D3ADF8A22158959400E750E4 /* main.m in Sources */,
				D3ADF8942158959300E750E4 /* AppDelegate.m in Sources */,
			);
			runOnlyForDeploymentPostprocessing = 0;
		};
		D3ADF8A32158959500E750E4 /* Sources */ = {
			isa = PBXSourcesBuildPhase;
			buildActionMask = 2147483647;
			files = (
				D3ADF8AC2158959500E750E4 /* F4AObjectiveCTests.m in Sources */,
			);
			runOnlyForDeploymentPostprocessing = 0;
		};
		D3ADF8AE2158959500E750E4 /* Sources */ = {
			isa = PBXSourcesBuildPhase;
			buildActionMask = 2147483647;
			files = (
				D3ADF8B72158959500E750E4 /* F4AObjectiveCUITests.m in Sources */,
			);
			runOnlyForDeploymentPostprocessing = 0;
		};
/* End PBXSourcesBuildPhase section */

/* Begin PBXTargetDependency section */
		D3ADF8A92158959500E750E4 /* PBXTargetDependency */ = {
			isa = PBXTargetDependency;
			target = D3ADF88E2158959200E750E4 /* F4AObjectiveC */;
			targetProxy = D3ADF8A82158959500E750E4 /* PBXContainerItemProxy */;
		};
		D3ADF8B42158959500E750E4 /* PBXTargetDependency */ = {
			isa = PBXTargetDependency;
			target = D3ADF88E2158959200E750E4 /* F4AObjectiveC */;
			targetProxy = D3ADF8B32158959500E750E4 /* PBXContainerItemProxy */;
		};
/* End PBXTargetDependency section */

/* Begin PBXVariantGroup section */
		D3ADF8982158959300E750E4 /* Main.storyboard */ = {
			isa = PBXVariantGroup;
			children = (
				D3ADF8992158959300E750E4 /* Base */,
			);
			name = Main.storyboard;
			sourceTree = "<group>";
		};
		D3ADF89D2158959400E750E4 /* LaunchScreen.storyboard */ = {
			isa = PBXVariantGroup;
			children = (
				D3ADF89E2158959400E750E4 /* Base */,
			);
			name = LaunchScreen.storyboard;
			sourceTree = "<group>";
		};
/* End PBXVariantGroup section */

/* Begin XCBuildConfiguration section */
		D3ADF8B92158959500E750E4 /* Debug */ = {
			isa = XCBuildConfiguration;
			buildSettings = {
				ALWAYS_SEARCH_USER_PATHS = NO;
				CLANG_ANALYZER_NONNULL = YES;
				CLANG_ANALYZER_NUMBER_OBJECT_CONVERSION = YES_AGGRESSIVE;
				CLANG_CXX_LANGUAGE_STANDARD = "gnu++14";
				CLANG_CXX_LIBRARY = "libc++";
				CLANG_ENABLE_MODULES = YES;
				CLANG_ENABLE_OBJC_ARC = YES;
				CLANG_ENABLE_OBJC_WEAK = YES;
				CLANG_WARN_BLOCK_CAPTURE_AUTORELEASING = YES;
				CLANG_WARN_BOOL_CONVERSION = YES;
				CLANG_WARN_COMMA = YES;
				CLANG_WARN_CONSTANT_CONVERSION = YES;
				CLANG_WARN_DEPRECATED_OBJC_IMPLEMENTATIONS = YES;
				CLANG_WARN_DIRECT_OBJC_ISA_USAGE = YES_ERROR;
				CLANG_WARN_DOCUMENTATION_COMMENTS = YES;
				CLANG_WARN_EMPTY_BODY = YES;
				CLANG_WARN_ENUM_CONVERSION = YES;
				CLANG_WARN_INFINITE_RECURSION = YES;
				CLANG_WARN_INT_CONVERSION = YES;
				CLANG_WARN_NON_LITERAL_NULL_CONVERSION = YES;
				CLANG_WARN_OBJC_IMPLICIT_RETAIN_SELF = YES;
				CLANG_WARN_OBJC_LITERAL_CONVERSION = YES;
				CLANG_WARN_OBJC_ROOT_CLASS = YES_ERROR;
				CLANG_WARN_RANGE_LOOP_ANALYSIS = YES;
				CLANG_WARN_STRICT_PROTOTYPES = YES;
				CLANG_WARN_SUSPICIOUS_MOVE = YES;
				CLANG_WARN_UNGUARDED_AVAILABILITY = YES_AGGRESSIVE;
				CLANG_WARN_UNREACHABLE_CODE = YES;
				CLANG_WARN__DUPLICATE_METHOD_MATCH = YES;
				CODE_SIGN_IDENTITY = "iPhone Developer";
				COPY_PHASE_STRIP = NO;
				DEBUG_INFORMATION_FORMAT = dwarf;
				ENABLE_STRICT_OBJC_MSGSEND = YES;
				ENABLE_TESTABILITY = YES;
				GCC_C_LANGUAGE_STANDARD = gnu11;
				GCC_DYNAMIC_NO_PIC = NO;
				GCC_NO_COMMON_BLOCKS = YES;
				GCC_OPTIMIZATION_LEVEL = 0;
				GCC_PREPROCESSOR_DEFINITIONS = (
					"DEBUG=1",
					"$(inherited)",
				);
				GCC_WARN_64_TO_32_BIT_CONVERSION = YES;
				GCC_WARN_ABOUT_RETURN_TYPE = YES_ERROR;
				GCC_WARN_UNDECLARED_SELECTOR = YES;
				GCC_WARN_UNINITIALIZED_AUTOS = YES_AGGRESSIVE;
				GCC_WARN_UNUSED_FUNCTION = YES;
				GCC_WARN_UNUSED_VARIABLE = YES;
				IPHONEOS_DEPLOYMENT_TARGET = 11.4;
				MTL_ENABLE_DEBUG_INFO = YES;
				ONLY_ACTIVE_ARCH = YES;
				SDKROOT = iphoneos;
			};
			name = Debug;
		};
		D3ADF8BA2158959500E750E4 /* Release */ = {
			isa = XCBuildConfiguration;
			buildSettings = {
				ALWAYS_SEARCH_USER_PATHS = NO;
				CLANG_ANALYZER_NONNULL = YES;
				CLANG_ANALYZER_NUMBER_OBJECT_CONVERSION = YES_AGGRESSIVE;
				CLANG_CXX_LANGUAGE_STANDARD = "gnu++14";
				CLANG_CXX_LIBRARY = "libc++";
				CLANG_ENABLE_MODULES = YES;
				CLANG_ENABLE_OBJC_ARC = YES;
				CLANG_ENABLE_OBJC_WEAK = YES;
				CLANG_WARN_BLOCK_CAPTURE_AUTORELEASING = YES;
				CLANG_WARN_BOOL_CONVERSION = YES;
				CLANG_WARN_COMMA = YES;
				CLANG_WARN_CONSTANT_CONVERSION = YES;
				CLANG_WARN_DEPRECATED_OBJC_IMPLEMENTATIONS = YES;
				CLANG_WARN_DIRECT_OBJC_ISA_USAGE = YES_ERROR;
				CLANG_WARN_DOCUMENTATION_COMMENTS = YES;
				CLANG_WARN_EMPTY_BODY = YES;
				CLANG_WARN_ENUM_CONVERSION = YES;
				CLANG_WARN_INFINITE_RECURSION = YES;
				CLANG_WARN_INT_CONVERSION = YES;
				CLANG_WARN_NON_LITERAL_NULL_CONVERSION = YES;
				CLANG_WARN_OBJC_IMPLICIT_RETAIN_SELF = YES;
				CLANG_WARN_OBJC_LITERAL_CONVERSION = YES;
				CLANG_WARN_OBJC_ROOT_CLASS = YES_ERROR;
				CLANG_WARN_RANGE_LOOP_ANALYSIS = YES;
				CLANG_WARN_STRICT_PROTOTYPES = YES;
				CLANG_WARN_SUSPICIOUS_MOVE = YES;
				CLANG_WARN_UNGUARDED_AVAILABILITY = YES_AGGRESSIVE;
				CLANG_WARN_UNREACHABLE_CODE = YES;
				CLANG_WARN__DUPLICATE_METHOD_MATCH = YES;
				CODE_SIGN_IDENTITY = "iPhone Developer";
				COPY_PHASE_STRIP = NO;
				DEBUG_INFORMATION_FORMAT = "dwarf-with-dsym";
				ENABLE_NS_ASSERTIONS = NO;
				ENABLE_STRICT_OBJC_MSGSEND = YES;
				GCC_C_LANGUAGE_STANDARD = gnu11;
				GCC_NO_COMMON_BLOCKS = YES;
				GCC_WARN_64_TO_32_BIT_CONVERSION = YES;
				GCC_WARN_ABOUT_RETURN_TYPE = YES_ERROR;
				GCC_WARN_UNDECLARED_SELECTOR = YES;
				GCC_WARN_UNINITIALIZED_AUTOS = YES_AGGRESSIVE;
				GCC_WARN_UNUSED_FUNCTION = YES;
				GCC_WARN_UNUSED_VARIABLE = YES;
				IPHONEOS_DEPLOYMENT_TARGET = 11.4;
				MTL_ENABLE_DEBUG_INFO = NO;
				SDKROOT = iphoneos;
				VALIDATE_PRODUCT = YES;
			};
			name = Release;
		};
		D3ADF8BC2158959500E750E4 /* Debug */ = {
			isa = XCBuildConfiguration;
			buildSettings = {
				ASSETCATALOG_COMPILER_APPICON_NAME = AppIcon;
				CODE_SIGN_STYLE = Automatic;
				DEVELOPMENT_TEAM = LTH63A4U6D;
				FRAMEWORK_SEARCH_PATHS = (
					"$(inherited)",
					"$(PROJECT_DIR)",
				);
				INFOPLIST_FILE = F4AObjectiveC/Info.plist;
				IPHONEOS_DEPLOYMENT_TARGET = 9.0;
				LD_RUNPATH_SEARCH_PATHS = (
					"$(inherited)",
					"@executable_path/Frameworks",
				);
				PRODUCT_BUNDLE_IDENTIFIER = com.f4ademo.F4AObjectiveC;
				PRODUCT_NAME = "$(TARGET_NAME)";
				TARGETED_DEVICE_FAMILY = 1;
			};
			name = Debug;
		};
		D3ADF8BD2158959500E750E4 /* Release */ = {
			isa = XCBuildConfiguration;
			buildSettings = {
				ASSETCATALOG_COMPILER_APPICON_NAME = AppIcon;
				CODE_SIGN_STYLE = Automatic;
				DEVELOPMENT_TEAM = LTH63A4U6D;
				FRAMEWORK_SEARCH_PATHS = (
					"$(inherited)",
					"$(PROJECT_DIR)",
				);
				INFOPLIST_FILE = F4AObjectiveC/Info.plist;
				IPHONEOS_DEPLOYMENT_TARGET = 9.0;
				LD_RUNPATH_SEARCH_PATHS = (
					"$(inherited)",
					"@executable_path/Frameworks",
				);
				PRODUCT_BUNDLE_IDENTIFIER = com.f4ademo.F4AObjectiveC;
				PRODUCT_NAME = "$(TARGET_NAME)";
				TARGETED_DEVICE_FAMILY = 1;
			};
			name = Release;
		};
		D3ADF8BF2158959500E750E4 /* Debug */ = {
			isa = XCBuildConfiguration;
			buildSettings = {
				BUNDLE_LOADER = "$(TEST_HOST)";
				CODE_SIGN_STYLE = Automatic;
				INFOPLIST_FILE = F4AObjectiveCTests/Info.plist;
				LD_RUNPATH_SEARCH_PATHS = (
					"$(inherited)",
					"@executable_path/Frameworks",
					"@loader_path/Frameworks",
				);
				PRODUCT_BUNDLE_IDENTIFIER = com.f4awsiftdemo.F4AObjectiveCTests;
				PRODUCT_NAME = "$(TARGET_NAME)";
				TARGETED_DEVICE_FAMILY = "1,2";
				TEST_HOST = "$(BUILT_PRODUCTS_DIR)/F4AObjectiveC.app/F4AObjectiveC";
			};
			name = Debug;
		};
		D3ADF8C02158959500E750E4 /* Release */ = {
			isa = XCBuildConfiguration;
			buildSettings = {
				BUNDLE_LOADER = "$(TEST_HOST)";
				CODE_SIGN_STYLE = Automatic;
				INFOPLIST_FILE = F4AObjectiveCTests/Info.plist;
				LD_RUNPATH_SEARCH_PATHS = (
					"$(inherited)",
					"@executable_path/Frameworks",
					"@loader_path/Frameworks",
				);
				PRODUCT_BUNDLE_IDENTIFIER = com.f4awsiftdemo.F4AObjectiveCTests;
				PRODUCT_NAME = "$(TARGET_NAME)";
				TARGETED_DEVICE_FAMILY = "1,2";
				TEST_HOST = "$(BUILT_PRODUCTS_DIR)/F4AObjectiveC.app/F4AObjectiveC";
			};
			name = Release;
		};
		D3ADF8C22158959500E750E4 /* Debug */ = {
			isa = XCBuildConfiguration;
			buildSettings = {
				CODE_SIGN_STYLE = Automatic;
				INFOPLIST_FILE = F4AObjectiveCUITests/Info.plist;
				LD_RUNPATH_SEARCH_PATHS = (
					"$(inherited)",
					"@executable_path/Frameworks",
					"@loader_path/Frameworks",
				);
				PRODUCT_BUNDLE_IDENTIFIER = com.f4awsiftdemo.F4AObjectiveCUITests;
				PRODUCT_NAME = "$(TARGET_NAME)";
				TARGETED_DEVICE_FAMILY = "1,2";
				TEST_TARGET_NAME = F4AObjectiveC;
			};
			name = Debug;
		};
		D3ADF8C32158959500E750E4 /* Release */ = {
			isa = XCBuildConfiguration;
			buildSettings = {
				CODE_SIGN_STYLE = Automatic;
				INFOPLIST_FILE = F4AObjectiveCUITests/Info.plist;
				LD_RUNPATH_SEARCH_PATHS = (
					"$(inherited)",
					"@executable_path/Frameworks",
					"@loader_path/Frameworks",
				);
				PRODUCT_BUNDLE_IDENTIFIER = com.f4awsiftdemo.F4AObjectiveCUITests;
				PRODUCT_NAME = "$(TARGET_NAME)";
				TARGETED_DEVICE_FAMILY = "1,2";
				TEST_TARGET_NAME = F4AObjectiveC;
			};
			name = Release;
		};
/* End XCBuildConfiguration section */

/* Begin XCConfigurationList section */
		D3ADF88A2158959200E750E4 /* Build configuration list for PBXProject "F4AObjectiveC" */ = {
			isa = XCConfigurationList;
			buildConfigurations = (
				D3ADF8B92158959500E750E4 /* Debug */,
				D3ADF8BA2158959500E750E4 /* Release */,
			);
			defaultConfigurationIsVisible = 0;
			defaultConfigurationName = Release;
		};
		D3ADF8BB2158959500E750E4 /* Build configuration list for PBXNativeTarget "F4AObjectiveC" */ = {
			isa = XCConfigurationList;
			buildConfigurations = (
				D3ADF8BC2158959500E750E4 /* Debug */,
				D3ADF8BD2158959500E750E4 /* Release */,
			);
			defaultConfigurationIsVisible = 0;
			defaultConfigurationName = Release;
		};
		D3ADF8BE2158959500E750E4 /* Build configuration list for PBXNativeTarget "F4AObjectiveCTests" */ = {
			isa = XCConfigurationList;
			buildConfigurations = (
				D3ADF8BF2158959500E750E4 /* Debug */,
				D3ADF8C02158959500E750E4 /* Release */,
			);
			defaultConfigurationIsVisible = 0;
			defaultConfigurationName = Release;
		};
		D3ADF8C12158959500E750E4 /* Build configuration list for PBXNativeTarget "F4AObjectiveCUITests" */ = {
			isa = XCConfigurationList;
			buildConfigurations = (
				D3ADF8C22158959500E750E4 /* Debug */,
				D3ADF8C32158959500E750E4 /* Release */,
			);
			defaultConfigurationIsVisible = 0;
			defaultConfigurationName = Release;
		};
/* End XCConfigurationList section */
	};
	rootObject = D3ADF8872158959200E750E4 /* Project object */;
}
